// !$*UTF8*$!
{
	archiveVersion = 1;
	classes = {
	};
	objectVersion = 56;
	objects = {

/* Begin PBXBuildFile section */
		7180332929ECEDBA00EE8E1C /* RestartApp.swift in Sources */ = {isa = PBXBuildFile; fileRef = 7180332829ECEDBA00EE8E1C /* RestartApp.swift */; };
		7180332B29ECEDBA00EE8E1C /* ContentView.swift in Sources */ = {isa = PBXBuildFile; fileRef = 7180332A29ECEDBA00EE8E1C /* ContentView.swift */; };
		7180332D29ECEDBB00EE8E1C /* Assets.xcassets in Resources */ = {isa = PBXBuildFile; fileRef = 7180332C29ECEDBB00EE8E1C /* Assets.xcassets */; };
		7180333029ECEDBB00EE8E1C /* Preview Assets.xcassets in Resources */ = {isa = PBXBuildFile; fileRef = 7180332F29ECEDBB00EE8E1C /* Preview Assets.xcassets */; };
		7180333829ECEE9200EE8E1C /* success.m4a in Resources */ = {isa = PBXBuildFile; fileRef = 7180333629ECEE9200EE8E1C /* success.m4a */; };
		7180333929ECEE9200EE8E1C /* chimeup.mp3 in Resources */ = {isa = PBXBuildFile; fileRef = 7180333729ECEE9200EE8E1C /* chimeup.mp3 */; };
		7180334229ED00C200EE8E1C /* OnboardingView.swift in Sources */ = {isa = PBXBuildFile; fileRef = 7180334129ED00C200EE8E1C /* OnboardingView.swift */; };
		7180334429ED00CE00EE8E1C /* HomeView.swift in Sources */ = {isa = PBXBuildFile; fileRef = 7180334329ED00CE00EE8E1C /* HomeView.swift */; };
		7180334629ED10DE00EE8E1C /* CircleGroupView.swift in Sources */ = {isa = PBXBuildFile; fileRef = 7180334529ED10DE00EE8E1C /* CircleGroupView.swift */; };
		7180334829ED2D8700EE8E1C /* AudioPlayer.swift in Sources */ = {isa = PBXBuildFile; fileRef = 7180334729ED2D8700EE8E1C /* AudioPlayer.swift */; };
/* End PBXBuildFile section */

/* Begin PBXFileReference section */
		7180332529ECEDBA00EE8E1C /* Restart.app */ = {isa = PBXFileReference; explicitFileType = wrapper.application; includeInIndex = 0; path = Restart.app; sourceTree = BUILT_PRODUCTS_DIR; };
		7180332829ECEDBA00EE8E1C /* RestartApp.swift */ = {isa = PBXFileReference; lastKnownFileType = sourcecode.swift; path = RestartApp.swift; sourceTree = "<group>"; };
		7180332A29ECEDBA00EE8E1C /* ContentView.swift */ = {isa = PBXFileReference; lastKnownFileType = sourcecode.swift; path = ContentView.swift; sourceTree = "<group>"; };
		7180332C29ECEDBB00EE8E1C /* Assets.xcassets */ = {isa = PBXFileReference; lastKnownFileType = folder.assetcatalog; path = Assets.xcassets; sourceTree = "<group>"; };
		7180332F29ECEDBB00EE8E1C /* Preview Assets.xcassets */ = {isa = PBXFileReference; lastKnownFileType = folder.assetcatalog; path = "Preview Assets.xcassets"; sourceTree = "<group>"; };
		7180333629ECEE9200EE8E1C /* success.m4a */ = {isa = PBXFileReference; lastKnownFileType = file; path = success.m4a; sourceTree = "<group>"; };
		7180333729ECEE9200EE8E1C /* chimeup.mp3 */ = {isa = PBXFileReference; lastKnownFileType = audio.mp3; path = chimeup.mp3; sourceTree = "<group>"; };
		7180334029ED005100EE8E1C /* Info.plist */ = {isa = PBXFileReference; lastKnownFileType = text.plist; path = Info.plist; sourceTree = "<group>"; };
		7180334129ED00C200EE8E1C /* OnboardingView.swift */ = {isa = PBXFileReference; lastKnownFileType = sourcecode.swift; path = OnboardingView.swift; sourceTree = "<group>"; };
		7180334329ED00CE00EE8E1C /* HomeView.swift */ = {isa = PBXFileReference; lastKnownFileType = sourcecode.swift; path = HomeView.swift; sourceTree = "<group>"; };
		7180334529ED10DE00EE8E1C /* CircleGroupView.swift */ = {isa = PBXFileReference; lastKnownFileType = sourcecode.swift; path = CircleGroupView.swift; sourceTree = "<group>"; };
		7180334729ED2D8700EE8E1C /* AudioPlayer.swift */ = {isa = PBXFileReference; lastKnownFileType = sourcecode.swift; path = AudioPlayer.swift; sourceTree = "<group>"; };
/* End PBXFileReference section */

/* Begin PBXFrameworksBuildPhase section */
		7180332229ECEDBA00EE8E1C /* Frameworks */ = {
			isa = PBXFrameworksBuildPhase;
			buildActionMask = 2147483647;
			files = (
			);
			runOnlyForDeploymentPostprocessing = 0;
		};
/* End PBXFrameworksBuildPhase section */

/* Begin PBXGroup section */
		7180331C29ECEDBA00EE8E1C = {
			isa = PBXGroup;
			children = (
				7180332729ECEDBA00EE8E1C /* Restart */,
				7180332629ECEDBA00EE8E1C /* Products */,
			);
			sourceTree = "<group>";
		};
		7180332629ECEDBA00EE8E1C /* Products */ = {
			isa = PBXGroup;
			children = (
				7180332529ECEDBA00EE8E1C /* Restart.app */,
			);
			name = Products;
			sourceTree = "<group>";
		};
		7180332729ECEDBA00EE8E1C /* Restart */ = {
			isa = PBXGroup;
			children = (
				7180334029ED005100EE8E1C /* Info.plist */,
				7180333F29ECF06400EE8E1C /* Utilities */,
				7180333E29ECF04E00EE8E1C /* Views */,
				7180333B29ECEEE100EE8E1C /* Sounds */,
				7180332829ECEDBA00EE8E1C /* RestartApp.swift */,
				7180333C29ECF02200EE8E1C /* Screens */,
				7180332C29ECEDBB00EE8E1C /* Assets.xcassets */,
				7180332E29ECEDBB00EE8E1C /* Preview Content */,
			);
			path = Restart;
			sourceTree = "<group>";
		};
		7180332E29ECEDBB00EE8E1C /* Preview Content */ = {
			isa = PBXGroup;
			children = (
				7180332F29ECEDBB00EE8E1C /* Preview Assets.xcassets */,
			);
			path = "Preview Content";
			sourceTree = "<group>";
		};
		7180333B29ECEEE100EE8E1C /* Sounds */ = {
			isa = PBXGroup;
			children = (
				7180333729ECEE9200EE8E1C /* chimeup.mp3 */,
				7180333629ECEE9200EE8E1C /* success.m4a */,
			);
			path = Sounds;
			sourceTree = "<group>";
		};
		7180333C29ECF02200EE8E1C /* Screens */ = {
			isa = PBXGroup;
			children = (
				7180332A29ECEDBA00EE8E1C /* ContentView.swift */,
				7180334129ED00C200EE8E1C /* OnboardingView.swift */,
				7180334329ED00CE00EE8E1C /* HomeView.swift */,
			);
			path = Screens;
			sourceTree = "<group>";
		};
		7180333E29ECF04E00EE8E1C /* Views */ = {
			isa = PBXGroup;
			children = (
				7180334529ED10DE00EE8E1C /* CircleGroupView.swift */,
			);
			path = Views;
			sourceTree = "<group>";
		};
		7180333F29ECF06400EE8E1C /* Utilities */ = {
			isa = PBXGroup;
			children = (
				7180334729ED2D8700EE8E1C /* AudioPlayer.swift */,
			);
			path = Utilities;
			sourceTree = "<group>";
		};
/* End PBXGroup section */

/* Begin PBXNativeTarget section */
		7180332429ECEDBA00EE8E1C /* Restart */ = {
			isa = PBXNativeTarget;
			buildConfigurationList = 7180333329ECEDBB00EE8E1C /* Build configuration list for PBXNativeTarget "Restart" */;
			buildPhases = (
				7180332129ECEDBA00EE8E1C /* Sources */,
				7180332229ECEDBA00EE8E1C /* Frameworks */,
				7180332329ECEDBA00EE8E1C /* Resources */,
			);
			buildRules = (
			);
			dependencies = (
			);
			name = Restart;
			productName = Restart;
			productReference = 7180332529ECEDBA00EE8E1C /* Restart.app */;
			productType = "com.apple.product-type.application";
		};
/* End PBXNativeTarget section */

/* Begin PBXProject section */
		7180331D29ECEDBA00EE8E1C /* Project object */ = {
			isa = PBXProject;
			attributes = {
				BuildIndependentTargetsInParallel = 1;
				LastSwiftUpdateCheck = 1430;
				LastUpgradeCheck = 1430;
				TargetAttributes = {
					7180332429ECEDBA00EE8E1C = {
						CreatedOnToolsVersion = 14.3;
					};
				};
			};
			buildConfigurationList = 7180332029ECEDBA00EE8E1C /* Build configuration list for PBXProject "Restart" */;
			compatibilityVersion = "Xcode 14.0";
			developmentRegion = en;
			hasScannedForEncodings = 0;
			knownRegions = (
				en,
				Base,
			);
			mainGroup = 7180331C29ECEDBA00EE8E1C;
			productRefGroup = 7180332629ECEDBA00EE8E1C /* Products */;
			projectDirPath = "";
			projectRoot = "";
			targets = (
				7180332429ECEDBA00EE8E1C /* Restart */,
			);
		};
/* End PBXProject section */

/* Begin PBXResourcesBuildPhase section */
		7180332329ECEDBA00EE8E1C /* Resources */ = {
			isa = PBXResourcesBuildPhase;
			buildActionMask = 2147483647;
			files = (
				7180333929ECEE9200EE8E1C /* chimeup.mp3 in Resources */,
				7180333029ECEDBB00EE8E1C /* Preview Assets.xcassets in Resources */,
				7180333829ECEE9200EE8E1C /* success.m4a in Resources */,
				7180332D29ECEDBB00EE8E1C /* Assets.xcassets in Resources */,
			);
			runOnlyForDeploymentPostprocessing = 0;
		};
/* End PBXResourcesBuildPhase section */

/* Begin PBXSourcesBuildPhase section */
		7180332129ECEDBA00EE8E1C /* Sources */ = {
			isa = PBXSourcesBuildPhase;
			buildActionMask = 2147483647;
			files = (
				7180334629ED10DE00EE8E1C /* CircleGroupView.swift in Sources */,
				7180334229ED00C200EE8E1C /* OnboardingView.swift in Sources */,
				7180334429ED00CE00EE8E1C /* HomeView.swift in Sources */,
				7180332B29ECEDBA00EE8E1C /* ContentView.swift in Sources */,
				7180332929ECEDBA00EE8E1C /* RestartApp.swift in Sources */,
				7180334829ED2D8700EE8E1C /* AudioPlayer.swift in Sources */,
			);
			runOnlyForDeploymentPostprocessing = 0;
		};
/* End PBXSourcesBuildPhase section */

/* Begin XCBuildConfiguration section */
		7180333129ECEDBB00EE8E1C /* Debug */ = {
			isa = XCBuildConfiguration;
			buildSettings = {
				ALWAYS_SEARCH_USER_PATHS = NO;
				CLANG_ANALYZER_NONNULL = YES;
				CLANG_ANALYZER_NUMBER_OBJECT_CONVERSION = YES_AGGRESSIVE;
				CLANG_CXX_LANGUAGE_STANDARD = "gnu++20";
				CLANG_ENABLE_MODULES = YES;
				CLANG_ENABLE_OBJC_ARC = YES;
				CLANG_ENABLE_OBJC_WEAK = YES;
				CLANG_WARN_BLOCK_CAPTURE_AUTORELEASING = YES;
				CLANG_WARN_BOOL_CONVERSION = YES;
				CLANG_WARN_COMMA = YES;
				CLANG_WARN_CONSTANT_CONVERSION = YES;
				CLANG_WARN_DEPRECATED_OBJC_IMPLEMENTATIONS = YES;
				CLANG_WARN_DIRECT_OBJC_ISA_USAGE = YES_ERROR;
				CLANG_WARN_DOCUMENTATION_COMMENTS = YES;
				CLANG_WARN_EMPTY_BODY = YES;
				CLANG_WARN_ENUM_CONVERSION = YES;
				CLANG_WARN_INFINITE_RECURSION = YES;
				CLANG_WARN_INT_CONVERSION = YES;
				CLANG_WARN_NON_LITERAL_NULL_CONVERSION = YES;
				CLANG_WARN_OBJC_IMPLICIT_RETAIN_SELF = YES;
				CLANG_WARN_OBJC_LITERAL_CONVERSION = YES;
				CLANG_WARN_OBJC_ROOT_CLASS = YES_ERROR;
				CLANG_WARN_QUOTED_INCLUDE_IN_FRAMEWORK_HEADER = YES;
				CLANG_WARN_RANGE_LOOP_ANALYSIS = YES;
				CLANG_WARN_STRICT_PROTOTYPES = YES;
				CLANG_WARN_SUSPICIOUS_MOVE = YES;
				CLANG_WARN_UNGUARDED_AVAILABILITY = YES_AGGRESSIVE;
				CLANG_WARN_UNREACHABLE_CODE = YES;
				CLANG_WARN__DUPLICATE_METHOD_MATCH = YES;
				COPY_PHASE_STRIP = NO;
				DEBUG_INFORMATION_FORMAT = dwarf;
				ENABLE_STRICT_OBJC_MSGSEND = YES;
				ENABLE_TESTABILITY = YES;
				GCC_C_LANGUAGE_STANDARD = gnu11;
				GCC_DYNAMIC_NO_PIC = NO;
				GCC_NO_COMMON_BLOCKS = YES;
				GCC_OPTIMIZATION_LEVEL = 0;
				GCC_PREPROCESSOR_DEFINITIONS = (
					"DEBUG=1",
					"$(inherited)",
				);
				GCC_WARN_64_TO_32_BIT_CONVERSION = YES;
				GCC_WARN_ABOUT_RETURN_TYPE = YES_ERROR;
				GCC_WARN_UNDECLARED_SELECTOR = YES;
				GCC_WARN_UNINITIALIZED_AUTOS = YES_AGGRESSIVE;
				GCC_WARN_UNUSED_FUNCTION = YES;
				GCC_WARN_UNUSED_VARIABLE = YES;
				IPHONEOS_DEPLOYMENT_TARGET = 16.4;
				MTL_ENABLE_DEBUG_INFO = INCLUDE_SOURCE;
				MTL_FAST_MATH = YES;
				ONLY_ACTIVE_ARCH = YES;
				SDKROOT = iphoneos;
				SWIFT_ACTIVE_COMPILATION_CONDITIONS = DEBUG;
				SWIFT_OPTIMIZATION_LEVEL = "-Onone";
			};
			name = Debug;
		};
		7180333229ECEDBB00EE8E1C /* Release */ = {
			isa = XCBuildConfiguration;
			buildSettings = {
				ALWAYS_SEARCH_USER_PATHS = NO;
				CLANG_ANALYZER_NONNULL = YES;
				CLANG_ANALYZER_NUMBER_OBJECT_CONVERSION = YES_AGGRESSIVE;
				CLANG_CXX_LANGUAGE_STANDARD = "gnu++20";
				CLANG_ENABLE_MODULES = YES;
				CLANG_ENABLE_OBJC_ARC = YES;
				CLANG_ENABLE_OBJC_WEAK = YES;
				CLANG_WARN_BLOCK_CAPTURE_AUTORELEASING = YES;
				CLANG_WARN_BOOL_CONVERSION = YES;
				CLANG_WARN_COMMA = YES;
				CLANG_WARN_CONSTANT_CONVERSION = YES;
				CLANG_WARN_DEPRECATED_OBJC_IMPLEMENTATIONS = YES;
				CLANG_WARN_DIRECT_OBJC_ISA_USAGE = YES_ERROR;
				CLANG_WARN_DOCUMENTATION_COMMENTS = YES;
				CLANG_WARN_EMPTY_BODY = YES;
				CLANG_WARN_ENUM_CONVERSION = YES;
				CLANG_WARN_INFINITE_RECURSION = YES;
				CLANG_WARN_INT_CONVERSION = YES;
				CLANG_WARN_NON_LITERAL_NULL_CONVERSION = YES;
				CLANG_WARN_OBJC_IMPLICIT_RETAIN_SELF = YES;
				CLANG_WARN_OBJC_LITERAL_CONVERSION = YES;
				CLANG_WARN_OBJC_ROOT_CLASS = YES_ERROR;
				CLANG_WARN_QUOTED_INCLUDE_IN_FRAMEWORK_HEADER = YES;
				CLANG_WARN_RANGE_LOOP_ANALYSIS = YES;
				CLANG_WARN_STRICT_PROTOTYPES = YES;
				CLANG_WARN_SUSPICIOUS_MOVE = YES;
				CLANG_WARN_UNGUARDED_AVAILABILITY = YES_AGGRESSIVE;
				CLANG_WARN_UNREACHABLE_CODE = YES;
				CLANG_WARN__DUPLICATE_METHOD_MATCH = YES;
				COPY_PHASE_STRIP = NO;
				DEBUG_INFORMATION_FORMAT = "dwarf-with-dsym";
				ENABLE_NS_ASSERTIONS = NO;
				ENABLE_STRICT_OBJC_MSGSEND = YES;
				GCC_C_LANGUAGE_STANDARD = gnu11;
				GCC_NO_COMMON_BLOCKS = YES;
				GCC_WARN_64_TO_32_BIT_CONVERSION = YES;
				GCC_WARN_ABOUT_RETURN_TYPE = YES_ERROR;
				GCC_WARN_UNDECLARED_SELECTOR = YES;
				GCC_WARN_UNINITIALIZED_AUTOS = YES_AGGRESSIVE;
				GCC_WARN_UNUSED_FUNCTION = YES;
				GCC_WARN_UNUSED_VARIABLE = YES;
				IPHONEOS_DEPLOYMENT_TARGET = 16.4;
				MTL_ENABLE_DEBUG_INFO = NO;
				MTL_FAST_MATH = YES;
				SDKROOT = iphoneos;
				SWIFT_COMPILATION_MODE = wholemodule;
				SWIFT_OPTIMIZATION_LEVEL = "-O";
				VALIDATE_PRODUCT = YES;
			};
			name = Release;
		};
		7180333429ECEDBB00EE8E1C /* Debug */ = {
			isa = XCBuildConfiguration;
			buildSettings = {
				ASSETCATALOG_COMPILER_APPICON_NAME = AppIcon;
				ASSETCATALOG_COMPILER_GLOBAL_ACCENT_COLOR_NAME = AccentColor;
				CODE_SIGN_STYLE = Automatic;
				CURRENT_PROJECT_VERSION = 1;
				DEVELOPMENT_ASSET_PATHS = "\"Restart/Preview Content\"";
				DEVELOPMENT_TEAM = G29X5XN89V;
				ENABLE_PREVIEWS = YES;
				GENERATE_INFOPLIST_FILE = YES;
				INFOPLIST_FILE = Restart/Info.plist;
				INFOPLIST_KEY_UIApplicationSceneManifest_Generation = YES;
				INFOPLIST_KEY_UIApplicationSupportsIndirectInputEvents = YES;
				INFOPLIST_KEY_UISupportedInterfaceOrientations_iPad = "UIInterfaceOrientationPortrait UIInterfaceOrientationPortraitUpsideDown UIInterfaceOrientationLandscapeLeft UIInterfaceOrientationLandscapeRight";
				INFOPLIST_KEY_UISupportedInterfaceOrientations_iPhone = UIInterfaceOrientationPortrait;
				IPHONEOS_DEPLOYMENT_TARGET = 15.0;
				LD_RUNPATH_SEARCH_PATHS = (
					"$(inherited)",
					"@executable_path/Frameworks",
				);
				MARKETING_VERSION = 1.0;
				PRODUCT_BUNDLE_IDENTIFIER = com.owol.Restart;
				PRODUCT_NAME = "$(TARGET_NAME)";
				SWIFT_EMIT_LOC_STRINGS = YES;
				SWIFT_VERSION = 5.0;
				TARGETED_DEVICE_FAMILY = "1,2";
			};
			name = Debug;
		};
		7180333529ECEDBB00EE8E1C /* Release */ = {
			isa = XCBuildConfiguration;
			buildSettings = {
				ASSETCATALOG_COMPILER_APPICON_NAME = AppIcon;
				ASSETCATALOG_COMPILER_GLOBAL_ACCENT_COLOR_NAME = AccentColor;
				CODE_SIGN_STYLE = Automatic;
				CURRENT_PROJECT_VERSION = 1;
				DEVELOPMENT_ASSET_PATHS = "\"Restart/Preview Content\"";
				DEVELOPMENT_TEAM = G29X5XN89V;
				ENABLE_PREVIEWS = YES;
				GENERATE_INFOPLIST_FILE = YES;
				INFOPLIST_FILE = Restart/Info.plist;
				INFOPLIST_KEY_UIApplicationSceneManifest_Generation = YES;
				INFOPLIST_KEY_UIApplicationSupportsIndirectInputEvents = YES;
				INFOPLIST_KEY_UISupportedInterfaceOrientations_iPad = "UIInterfaceOrientationPortrait UIInterfaceOrientationPortraitUpsideDown UIInterfaceOrientationLandscapeLeft UIInterfaceOrientationLandscapeRight";
				INFOPLIST_KEY_UISupportedInterfaceOrientations_iPhone = UIInterfaceOrientationPortrait;
				IPHONEOS_DEPLOYMENT_TARGET = 15.0;
				LD_RUNPATH_SEARCH_PATHS = (
					"$(inherited)",
					"@executable_path/Frameworks",
				);
				MARKETING_VERSION = 1.0;
				PRODUCT_BUNDLE_IDENTIFIER = com.owol.Restart;
				PRODUCT_NAME = "$(TARGET_NAME)";
				SWIFT_EMIT_LOC_STRINGS = YES;
				SWIFT_VERSION = 5.0;
				TARGETED_DEVICE_FAMILY = "1,2";
			};
			name = Release;
		};
/* End XCBuildConfiguration section */

/* Begin XCConfigurationList section */
		7180332029ECEDBA00EE8E1C /* Build configuration list for PBXProject "Restart" */ = {
			isa = XCConfigurationList;
			buildConfigurations = (
				7180333129ECEDBB00EE8E1C /* Debug */,
				7180333229ECEDBB00EE8E1C /* Release */,
			);
			defaultConfigurationIsVisible = 0;
			defaultConfigurationName = Release;
		};
		7180333329ECEDBB00EE8E1C /* Build configuration list for PBXNativeTarget "Restart" */ = {
			isa = XCConfigurationList;
			buildConfigurations = (
				7180333429ECEDBB00EE8E1C /* Debug */,
				7180333529ECEDBB00EE8E1C /* Release */,
			);
			defaultConfigurationIsVisible = 0;
			defaultConfigurationName = Release;
		};
/* End XCConfigurationList section */
	};
	rootObject = 7180331D29ECEDBA00EE8E1C /* Project object */;
}
